
Microsoft Visual Studio Solution File, Format Version 12.00
# Visual Studio Version 16
VisualStudioVersion = 16.0.28803.202
MinimumVisualStudioVersion = 10.0.40219.1
Project("{FAE04EC0-301F-11D3-BF4B-00C04F79EFBC}") = "FirstApp", "FirstApp\FirstApp.csproj", "{CCB6595B-53E0-4ED1-9C05-4ED979FC9F03}"
EndProject
Global
	GlobalSection(SolutionConfigurationPlatforms) = preSolution
		Debug|Any CPU = Debug|Any CPU
		Release|Any CPU = Release|Any CPU
	EndGlobalSection
	GlobalSection(ProjectConfigurationPlatforms) = postSolution
		{CCB6595B-53E0-4ED1-9C05-4ED979FC9F03}.Debug|Any CPU.ActiveCfg = Debug|Any CPU
		{CCB6595B-53E0-4ED1-9C05-4ED979FC9F03}.Debug|Any CPU.Build.0 = Debug|Any CPU
		{CCB6595B-53E0-4ED1-9C05-4ED979FC9F03}.Release|Any CPU.ActiveCfg = Release|Any CPU
		{CCB6595B-53E0-4ED1-9C05-4ED979FC9F03}.Release|Any CPU.Build.0 = Release|Any CPU
	EndGlobalSection
	GlobalSection(SolutionProperties) = preSolution
		HideSolutionNode = FALSE
	EndGlobalSection
	GlobalSection(ExtensibilityGlobals) = postSolution
		SolutionGuid = {971423CC-D1D1-4DE4-AFF9-B591F7C709C2}
	EndGlobalSection
EndGlobal
