
Microsoft Visual Studio Solution File, Format Version 12.00
# Visual Studio Version 16
VisualStudioVersion = 16.0.28803.202
MinimumVisualStudioVersion = 10.0.40219.1
Project("{FAE04EC0-301F-11D3-BF4B-00C04F79EFBC}") = "WindowsFormsApp1", "WindowsFormsApp1\WindowsFormsApp1.csproj", "{E8471152-7D15-46C4-B438-794947C47808}"
EndProject
Global
	GlobalSection(SolutionConfigurationPlatforms) = preSolution
		Debug|Any CPU = Debug|Any CPU
		Release|Any CPU = Release|Any CPU
	EndGlobalSection
	GlobalSection(ProjectConfigurationPlatforms) = postSolution
		{E8471152-7D15-46C4-B438-794947C47808}.Debug|Any CPU.ActiveCfg = Debug|Any CPU
		{E8471152-7D15-46C4-B438-794947C47808}.Debug|Any CPU.Build.0 = Debug|Any CPU
		{E8471152-7D15-46C4-B438-794947C47808}.Release|Any CPU.ActiveCfg = Release|Any CPU
		{E8471152-7D15-46C4-B438-794947C47808}.Release|Any CPU.Build.0 = Release|Any CPU
	EndGlobalSection
	GlobalSection(SolutionProperties) = preSolution
		HideSolutionNode = FALSE
	EndGlobalSection
	GlobalSection(ExtensibilityGlobals) = postSolution
		SolutionGuid = {B80B5102-08DE-4B56-84AC-43BA6A4CE8BE}
	EndGlobalSection
EndGlobal
