
Microsoft Visual Studio Solution File, Format Version 12.00
# Visual Studio Version 16
VisualStudioVersion = 16.0.28803.202
MinimumVisualStudioVersion = 10.0.40219.1
Project("{FAE04EC0-301F-11D3-BF4B-00C04F79EFBC}") = "Aritmetikİslemler", "Aritmetikİslemler\Aritmetikİslemler.csproj", "{2C428877-AB4E-4147-90B9-63B0CC20E24A}"
EndProject
Global
	GlobalSection(SolutionConfigurationPlatforms) = preSolution
		Debug|Any CPU = Debug|Any CPU
		Release|Any CPU = Release|Any CPU
	EndGlobalSection
	GlobalSection(ProjectConfigurationPlatforms) = postSolution
		{2C428877-AB4E-4147-90B9-63B0CC20E24A}.Debug|Any CPU.ActiveCfg = Debug|Any CPU
		{2C428877-AB4E-4147-90B9-63B0CC20E24A}.Debug|Any CPU.Build.0 = Debug|Any CPU
		{2C428877-AB4E-4147-90B9-63B0CC20E24A}.Release|Any CPU.ActiveCfg = Release|Any CPU
		{2C428877-AB4E-4147-90B9-63B0CC20E24A}.Release|Any CPU.Build.0 = Release|Any CPU
	EndGlobalSection
	GlobalSection(SolutionProperties) = preSolution
		HideSolutionNode = FALSE
	EndGlobalSection
	GlobalSection(ExtensibilityGlobals) = postSolution
		SolutionGuid = {62D93427-3B24-42D5-A68B-B48DBE818252}
	EndGlobalSection
EndGlobal
